
Microsoft Visual Studio Solution File, Format Version 12.00
# Visual Studio Version 16
VisualStudioVersion = 16.0.29905.134
MinimumVisualStudioVersion = 10.0.40219.1
Project("{8BC9CEB8-8B4A-11D0-8D11-00A0C91BC942}") = "moska", "moska\moska.vcxproj", "{7858A536-6415-4984-995E-45DAA32DDA31}"
EndProject
Global
	GlobalSection(SolutionConfigurationPlatforms) = preSolution
		Debug|x64 = Debug|x64
		Debug|x86 = Debug|x86
		Release|x64 = Release|x64
		Release|x86 = Release|x86
	EndGlobalSection
	GlobalSection(ProjectConfigurationPlatforms) = postSolution
		{7858A536-6415-4984-995E-45DAA32DDA31}.Debug|x64.ActiveCfg = Debug|x64
		{7858A536-6415-4984-995E-45DAA32DDA31}.Debug|x64.Build.0 = Debug|x64
		{7858A536-6415-4984-995E-45DAA32DDA31}.Debug|x86.ActiveCfg = Debug|Win32
		{7858A536-6415-4984-995E-45DAA32DDA31}.Debug|x86.Build.0 = Debug|Win32
		{7858A536-6415-4984-995E-45DAA32DDA31}.Release|x64.ActiveCfg = Release|x64
		{7858A536-6415-4984-995E-45DAA32DDA31}.Release|x64.Build.0 = Release|x64
		{7858A536-6415-4984-995E-45DAA32DDA31}.Release|x86.ActiveCfg = Release|Win32
		{7858A536-6415-4984-995E-45DAA32DDA31}.Release|x86.Build.0 = Release|Win32
	EndGlobalSection
	GlobalSection(SolutionProperties) = preSolution
		HideSolutionNode = FALSE
	EndGlobalSection
	GlobalSection(ExtensibilityGlobals) = postSolution
		SolutionGuid = {46ECE257-B58C-4D2D-96E1-6E8B3C8BC8B6}
	EndGlobalSection
EndGlobal
